
Microsoft Visual Studio Solution File, Format Version 12.00
# Visual Studio Version 16
VisualStudioVersion = 16.0.29728.190
MinimumVisualStudioVersion = 10.0.40219.1
Project("{FAE04EC0-301F-11D3-BF4B-00C04F79EFBC}") = "laba2_MVC", "laba2_MVC.csproj", "{A6588D58-9B99-4AEA-8089-53EDB32B7E16}"
EndProject
Global
	GlobalSection(SolutionConfigurationPlatforms) = preSolution
		Debug|Any CPU = Debug|Any CPU
		Release|Any CPU = Release|Any CPU
	EndGlobalSection
	GlobalSection(ProjectConfigurationPlatforms) = postSolution
		{A6588D58-9B99-4AEA-8089-53EDB32B7E16}.Debug|Any CPU.ActiveCfg = Debug|Any CPU
		{A6588D58-9B99-4AEA-8089-53EDB32B7E16}.Debug|Any CPU.Build.0 = Debug|Any CPU
		{A6588D58-9B99-4AEA-8089-53EDB32B7E16}.Release|Any CPU.ActiveCfg = Release|Any CPU
		{A6588D58-9B99-4AEA-8089-53EDB32B7E16}.Release|Any CPU.Build.0 = Release|Any CPU
	EndGlobalSection
	GlobalSection(SolutionProperties) = preSolution
		HideSolutionNode = FALSE
	EndGlobalSection
	GlobalSection(ExtensibilityGlobals) = postSolution
		SolutionGuid = {F9B3D56A-DBA3-4734-B3EE-C1824A64D9D6}
	EndGlobalSection
EndGlobal
