
Microsoft Visual Studio Solution File, Format Version 12.00
# Visual Studio Version 16
VisualStudioVersion = 16.0.29728.190
MinimumVisualStudioVersion = 10.0.40219.1
Project("{FAE04EC0-301F-11D3-BF4B-00C04F79EFBC}") = "laba1_ADO", "laba1_ADO.csproj", "{175DB7B4-F1F7-4B9E-9FFC-CD4401E53155}"
EndProject
Global
	GlobalSection(SolutionConfigurationPlatforms) = preSolution
		Debug|Any CPU = Debug|Any CPU
		Release|Any CPU = Release|Any CPU
	EndGlobalSection
	GlobalSection(ProjectConfigurationPlatforms) = postSolution
		{175DB7B4-F1F7-4B9E-9FFC-CD4401E53155}.Debug|Any CPU.ActiveCfg = Debug|Any CPU
		{175DB7B4-F1F7-4B9E-9FFC-CD4401E53155}.Debug|Any CPU.Build.0 = Debug|Any CPU
		{175DB7B4-F1F7-4B9E-9FFC-CD4401E53155}.Release|Any CPU.ActiveCfg = Release|Any CPU
		{175DB7B4-F1F7-4B9E-9FFC-CD4401E53155}.Release|Any CPU.Build.0 = Release|Any CPU
	EndGlobalSection
	GlobalSection(SolutionProperties) = preSolution
		HideSolutionNode = FALSE
	EndGlobalSection
	GlobalSection(ExtensibilityGlobals) = postSolution
		SolutionGuid = {F4168781-8A66-46C8-9B0A-75199B3351B4}
	EndGlobalSection
EndGlobal
